
Microsoft Visual Studio Solution File, Format Version 12.00
# Visual Studio Version 17
VisualStudioVersion = 17.14.36327.8
MinimumVisualStudioVersion = 10.0.40219.1
Project("{2150E333-8FDC-42A3-9474-1A3956D46DE8}") = "0.Solution Items", "0.Solution Items", "{02EA681E-C7D8-13C7-8484-4AC65E1B71E8}"
	ProjectSection(SolutionItems) = preProject
		README.md = README.md
	EndProjectSection
EndProject
Project("{2150E333-8FDC-42A3-9474-1A3956D46DE8}") = "1. Src", "1. Src", "{60138915-E8AF-439C-AB3A-8DCAA93AB5B5}"
EndProject
Project("{2150E333-8FDC-42A3-9474-1A3956D46DE8}") = "2. Tests", "2. Tests", "{CA2C2E21-C117-4D18-B7B2-7D8DA01795E2}"
EndProject
Project("{2150E333-8FDC-42A3-9474-1A3956D46DE8}") = "Infrastructure", "Infrastructure", "{F16030CA-23A7-428D-80C7-8E47CF70F1DE}"
EndProject
Project("{FAE04EC0-301F-11D3-BF4B-00C04F79EFBC}") = "om.servicing.casemanagement.api", "src\om.servicing.casemanagement.api\om.servicing.casemanagement.api.csproj", "{C2ADAAE5-117E-BA96-E751-470FA6ACA87D}"
EndProject
Project("{FAE04EC0-301F-11D3-BF4B-00C04F79EFBC}") = "om.servicing.casemanagement.domain", "src\om.servicing.casemanagement.domain\om.servicing.casemanagement.domain.csproj", "{E5C82D76-7728-6C21-DE3B-3B63CF38876B}"
EndProject
Project("{FAE04EC0-301F-11D3-BF4B-00C04F79EFBC}") = "om.servicing.casemanagement.data", "src\om.servicing.casemanagement.data\om.servicing.casemanagement.data.csproj", "{22849F35-4848-1326-D46F-0E7DBE6B2C04}"
EndProject
Project("{FAE04EC0-301F-11D3-BF4B-00C04F79EFBC}") = "om.servicing.casemanagement.application", "src\om.servicing.casemanagement.application\om.servicing.casemanagement.application.csproj", "{49AEA7A2-F1D8-2D98-BF95-9EFAE78E728A}"
EndProject
Project("{FAE04EC0-301F-11D3-BF4B-00C04F79EFBC}") = "om.servicing.casemanagement.tests", "tests\om.servicing.casemanagement.tests\om.servicing.casemanagement.tests.csproj", "{302489AC-8416-D230-CACA-30E46D4D12A2}"
EndProject
Project("{FAE04EC0-301F-11D3-BF4B-00C04F79EFBC}") = "om.servicing.casemanagement.core", "src\om.servicing.casemanagement.core\om.servicing.casemanagement.core.csproj", "{5284BDA2-F669-4907-BC25-913F3D85FFCB}"
EndProject
Global
	GlobalSection(SolutionConfigurationPlatforms) = preSolution
		Debug|Any CPU = Debug|Any CPU
		Release|Any CPU = Release|Any CPU
	EndGlobalSection
	GlobalSection(ProjectConfigurationPlatforms) = postSolution
		{C2ADAAE5-117E-BA96-E751-470FA6ACA87D}.Debug|Any CPU.ActiveCfg = Debug|Any CPU
		{C2ADAAE5-117E-BA96-E751-470FA6ACA87D}.Debug|Any CPU.Build.0 = Debug|Any CPU
		{C2ADAAE5-117E-BA96-E751-470FA6ACA87D}.Release|Any CPU.ActiveCfg = Release|Any CPU
		{C2ADAAE5-117E-BA96-E751-470FA6ACA87D}.Release|Any CPU.Build.0 = Release|Any CPU
		{E5C82D76-7728-6C21-DE3B-3B63CF38876B}.Debug|Any CPU.ActiveCfg = Debug|Any CPU
		{E5C82D76-7728-6C21-DE3B-3B63CF38876B}.Debug|Any CPU.Build.0 = Debug|Any CPU
		{E5C82D76-7728-6C21-DE3B-3B63CF38876B}.Release|Any CPU.ActiveCfg = Release|Any CPU
		{E5C82D76-7728-6C21-DE3B-3B63CF38876B}.Release|Any CPU.Build.0 = Release|Any CPU
		{22849F35-4848-1326-D46F-0E7DBE6B2C04}.Debug|Any CPU.ActiveCfg = Debug|Any CPU
		{22849F35-4848-1326-D46F-0E7DBE6B2C04}.Debug|Any CPU.Build.0 = Debug|Any CPU
		{22849F35-4848-1326-D46F-0E7DBE6B2C04}.Release|Any CPU.ActiveCfg = Release|Any CPU
		{22849F35-4848-1326-D46F-0E7DBE6B2C04}.Release|Any CPU.Build.0 = Release|Any CPU
		{49AEA7A2-F1D8-2D98-BF95-9EFAE78E728A}.Debug|Any CPU.ActiveCfg = Debug|Any CPU
		{49AEA7A2-F1D8-2D98-BF95-9EFAE78E728A}.Debug|Any CPU.Build.0 = Debug|Any CPU
		{49AEA7A2-F1D8-2D98-BF95-9EFAE78E728A}.Release|Any CPU.ActiveCfg = Release|Any CPU
		{49AEA7A2-F1D8-2D98-BF95-9EFAE78E728A}.Release|Any CPU.Build.0 = Release|Any CPU
		{302489AC-8416-D230-CACA-30E46D4D12A2}.Debug|Any CPU.ActiveCfg = Debug|Any CPU
		{302489AC-8416-D230-CACA-30E46D4D12A2}.Debug|Any CPU.Build.0 = Debug|Any CPU
		{302489AC-8416-D230-CACA-30E46D4D12A2}.Release|Any CPU.ActiveCfg = Release|Any CPU
		{302489AC-8416-D230-CACA-30E46D4D12A2}.Release|Any CPU.Build.0 = Release|Any CPU
		{5284BDA2-F669-4907-BC25-913F3D85FFCB}.Debug|Any CPU.ActiveCfg = Debug|Any CPU
		{5284BDA2-F669-4907-BC25-913F3D85FFCB}.Debug|Any CPU.Build.0 = Debug|Any CPU
		{5284BDA2-F669-4907-BC25-913F3D85FFCB}.Release|Any CPU.ActiveCfg = Release|Any CPU
		{5284BDA2-F669-4907-BC25-913F3D85FFCB}.Release|Any CPU.Build.0 = Release|Any CPU
	EndGlobalSection
	GlobalSection(SolutionProperties) = preSolution
		HideSolutionNode = FALSE
	EndGlobalSection
	GlobalSection(NestedProjects) = preSolution
		{F16030CA-23A7-428D-80C7-8E47CF70F1DE} = {02EA681E-C7D8-13C7-8484-4AC65E1B71E8}
		{C2ADAAE5-117E-BA96-E751-470FA6ACA87D} = {60138915-E8AF-439C-AB3A-8DCAA93AB5B5}
		{E5C82D76-7728-6C21-DE3B-3B63CF38876B} = {60138915-E8AF-439C-AB3A-8DCAA93AB5B5}
		{22849F35-4848-1326-D46F-0E7DBE6B2C04} = {60138915-E8AF-439C-AB3A-8DCAA93AB5B5}
		{49AEA7A2-F1D8-2D98-BF95-9EFAE78E728A} = {60138915-E8AF-439C-AB3A-8DCAA93AB5B5}
		{302489AC-8416-D230-CACA-30E46D4D12A2} = {CA2C2E21-C117-4D18-B7B2-7D8DA01795E2}
		{5284BDA2-F669-4907-BC25-913F3D85FFCB} = {60138915-E8AF-439C-AB3A-8DCAA93AB5B5}
	EndGlobalSection
	GlobalSection(ExtensibilityGlobals) = postSolution
		SolutionGuid = {A1DE7C94-E14D-455A-9D7D-CE61C171EC77}
	EndGlobalSection
EndGlobal
